schema: '2.0'
stages:
  data:
    cmd: "python stage_01_data.py  --data_config config/data.yaml  --database_config
      config/db.yaml  --feature_config config/features.yaml\n"
    deps:
    - path: config/data.yaml
      hash: md5
      md5: 43d676013267d8f5c5ff58469895fd26
      size: 15
    - path: config/db.yaml
      hash: md5
      md5: 80b741ae6b720e0a464b8f202f689bce
      size: 41
    - path: config/features.yaml
      hash: md5
      md5: 24319a4d041c355aa60ecd7d95238c1d
      size: 511
    - path: stage_01_data.py
      hash: md5
      md5: 718302ff0c21a2c918d66eafcc9e4129
      size: 3761
    outs:
    - path: artifacts/data.pkl
      hash: md5
      md5: ca0c2b5cf290810b6acc64b7bd662bca
      size: 20809890
    - path: artifacts/features.parquet
      hash: md5
      md5: 914525dcbfbe958ab84a16945be88160
      size: 7605082
    - path: artifacts/test_dataset.parquet
      hash: md5
      md5: 2e0b2264a4f14ab78715aa437a9b5b34
      size: 795816
    - path: artifacts/train_dataset.parquet
      hash: md5
      md5: 12044883bacb4031a9eea083f76b7542
      size: 7059822
  train_eval:
    cmd: "python stage_02_train_eval.py  --ml_config config/ml.yaml  --search_space
      config/search_spaces.yaml  --data_config config/data.yaml  --database_config
      config/db.yaml  --feature_config config/features.yaml\n"
    deps:
    - path: artifacts/data.pkl
      hash: md5
      md5: ca0c2b5cf290810b6acc64b7bd662bca
      size: 20809890
    - path: config/data.yaml
      hash: md5
      md5: 43d676013267d8f5c5ff58469895fd26
      size: 15
    - path: config/db.yaml
      hash: md5
      md5: 80b741ae6b720e0a464b8f202f689bce
      size: 41
    - path: config/features.yaml
      hash: md5
      md5: 24319a4d041c355aa60ecd7d95238c1d
      size: 511
    - path: config/ml.yaml
      hash: md5
      md5: 24b6be39205748599bfc4f7e1f5c9b77
      size: 206
    - path: config/search_spaces.yaml
      hash: md5
      md5: 2444f3e6794609cd386217f902aef67a
      size: 640
    - path: stage_02_train_eval.py
      hash: md5
      md5: 12e3c7b15bf9b7ae45d3928992950848
      size: 5947
    outs:
    - path: artifacts/predictions.parquet
      hash: md5
      md5: 97f068b55079ee50fd4f1a0b4d81d978
      size: 11483
    - path: artifacts/shap_summary.png
      hash: md5
      md5: ded2ffc5f80de2d4432f43cd9a0e2b02
      size: 134867
    - path: artifacts/shap_values.parquet
      hash: md5
      md5: e2e14add24db3c63b23233b50efe287d
      size: 894995
  pipeline:
    cmd: "python main.py --data_config config/data.yaml --database_config config/db.yaml
      --feature_config config/features.yaml --ml_config config/ml.yaml --search_space
      config/search_spaces.yaml\n"
    deps:
    - path: config/data.yaml
      hash: md5
      md5: 43d676013267d8f5c5ff58469895fd26
      size: 15
    - path: config/db.yaml
      hash: md5
      md5: 80b741ae6b720e0a464b8f202f689bce
      size: 41
    - path: config/features.yaml
      hash: md5
      md5: 24319a4d041c355aa60ecd7d95238c1d
      size: 511
    - path: config/ml.yaml
      hash: md5
      md5: c2843eee8985b1ac140e45451dba08a8
      size: 207
    - path: config/search_spaces.yaml
      hash: md5
      md5: 2444f3e6794609cd386217f902aef67a
      size: 640
    - path: main.py
      hash: md5
      md5: 289276d4e581effeb63f24aa39cb7aa8
      size: 9307
    - path: pipelines/data_builder.py
      hash: md5
      md5: e58189bcae2b9292e3f6e75198456c39
      size: 1568
    - path: pipelines/evaluation_pipeline.py
      hash: md5
      md5: c510fae9e46d9144231a3d37378d899a
      size: 1803
    - path: pipelines/features_builder.py
      hash: md5
      md5: 6b1f9e9282db5eb43d06fa86c9cc089b
      size: 5072
    - path: pipelines/prediction_builder.py
      hash: md5
      md5: 5798755a56874acd1f6cdba8fe83a8ac
      size: 878
    - path: pipelines/train_pipeline.py
      hash: md5
      md5: 8955278f1b131b5f02bc248067c4eefd
      size: 2698
    outs:
    - path: artifacts/features.parquet
      hash: md5
      md5: dcacab4bd180fea7976ab423f58c2f56
      size: 7604729
    - path: artifacts/predictions.parquet
      hash: md5
      md5: 2e2bd5f129668ef1313d16d9bbac148b
      size: 11487
    - path: artifacts/shap_summary.png
      hash: md5
      md5: fc6e015ec8de5dfdd3feb88d7c256995
      size: 127233
    - path: artifacts/shap_values.parquet
      hash: md5
      md5: 4a15319d29d9a51b0737bf056b7d7d1e
      size: 517419
    - path: artifacts/test_dataset.parquet
      hash: md5
      md5: f26efcc96ef217fa947b396596083920
      size: 796103
    - path: artifacts/train_dataset.parquet
      hash: md5
      md5: 2fb20ab5ae3941ea7318a1d05052dc8d
      size: 7058289
