schema: '2.0'
stages:
  pipeline:
    cmd: "python main.py --data_config config/data.yaml --database_config config/db.yaml
      --feature_config config/features.yaml --ml_config config/ml.yaml --search_space
      config/search_spaces.yaml\n"
    deps:
    - path: config/data.yaml
      hash: md5
      md5: 02fc609d1c18b926c87447ecc0b11b6d
      size: 15
    - path: config/db.yaml
      hash: md5
      md5: 80b741ae6b720e0a464b8f202f689bce
      size: 41
    - path: config/features.yaml
      hash: md5
      md5: 394964e207db9e11d5b2508cc636387f
      size: 481
    - path: config/ml.yaml
      hash: md5
      md5: ead5e917477e36ee3e3b7a7a967e1605
      size: 215
    - path: config/search_spaces.yaml
      hash: md5
      md5: 2444f3e6794609cd386217f902aef67a
      size: 640
    - path: main.py
      hash: md5
      md5: d281172eeeb3701239012e48ee6bf3cd
      size: 9464
    - path: pipelines/data_builder.py
      hash: md5
      md5: e58189bcae2b9292e3f6e75198456c39
      size: 1568
    - path: pipelines/evaluation_pipeline.py
      hash: md5
      md5: 507ff953f6ece1d7442329c16f89f5fd
      size: 2291
    - path: pipelines/features_builder.py
      hash: md5
      md5: 6b1f9e9282db5eb43d06fa86c9cc089b
      size: 5072
    - path: pipelines/prediction_builder.py
      hash: md5
      md5: 7a876987a5928d492102e42a19fe085f
      size: 2039
    - path: pipelines/train_pipeline.py
      hash: md5
      md5: 8955278f1b131b5f02bc248067c4eefd
      size: 2698
    outs:
    - path: artifacts/features.parquet
      hash: md5
      md5: 4adc86c1c975321a43b5f0d343ea01ee
      size: 8931804
    - path: artifacts/predictions.parquet
      hash: md5
      md5: 95ab6a219292690d31e756e4f645c687
      size: 14297
    - path: artifacts/shap_summary.png
      hash: md5
      md5: 665329d5ec633b9c1ee7a4d21b15ee89
      size: 139303
    - path: artifacts/shap_values.parquet
      hash: md5
      md5: 653a031386e6e17d3cd6cddf1458b968
      size: 896207
    - path: artifacts/test_dataset.parquet
      hash: md5
      md5: e8b2425b0175d732113aeda0e604a4d7
      size: 686963
    - path: artifacts/train_dataset.parquet
      hash: md5
      md5: bdbeeb993e8e577227ffca3acab6a715
      size: 8575175
